
Microsoft Visual Studio Solution File, Format Version 12.00
# Visual Studio Version 17
VisualStudioVersion = 17.11.35208.52
MinimumVisualStudioVersion = 10.0.40219.1
Project("{FAE04EC0-301F-11D3-BF4B-00C04F79EFBC}") = "DentistSystem", "DentistSystem\DentistSystem.csproj", "{0B672644-4F39-4D63-93A3-64D483A4DAAF}"
EndProject
Global
	GlobalSection(SolutionConfigurationPlatforms) = preSolution
		Debug|Any CPU = Debug|Any CPU
		Release|Any CPU = Release|Any CPU
	EndGlobalSection
	GlobalSection(ProjectConfigurationPlatforms) = postSolution
		{0B672644-4F39-4D63-93A3-64D483A4DAAF}.Debug|Any CPU.ActiveCfg = Debug|Any CPU
		{0B672644-4F39-4D63-93A3-64D483A4DAAF}.Debug|Any CPU.Build.0 = Debug|Any CPU
		{0B672644-4F39-4D63-93A3-64D483A4DAAF}.Release|Any CPU.ActiveCfg = Release|Any CPU
		{0B672644-4F39-4D63-93A3-64D483A4DAAF}.Release|Any CPU.Build.0 = Release|Any CPU
	EndGlobalSection
	GlobalSection(SolutionProperties) = preSolution
		HideSolutionNode = FALSE
	EndGlobalSection
	GlobalSection(ExtensibilityGlobals) = postSolution
		SolutionGuid = {454241B4-C0E3-4B75-984F-E35C68112634}
	EndGlobalSection
EndGlobal
